
Microsoft Visual Studio Solution File, Format Version 12.00
# Visual Studio Version 16
VisualStudioVersion = 16.0.30011.22
MinimumVisualStudioVersion = 10.0.40219.1
Project("{FAE04EC0-301F-11D3-BF4B-00C04F79EFBC}") = "MonoMax.WpfExample", "MonoMax.OpenGLWpfDemo\MonoMax.WpfExample.csproj", "{C9AC2308-D29D-447A-95F1-3BA30F34E39A}"
EndProject
Project("{FAE04EC0-301F-11D3-BF4B-00C04F79EFBC}") = "MonoMax.WPFGLControl", "MonoMax.WPFGLControl\MonoMax.WPFGLControl.csproj", "{29DC9174-C55F-4A88-87BC-ED489C2BA1BF}"
EndProject
Project("{FAE04EC0-301F-11D3-BF4B-00C04F79EFBC}") = "MonoMax.GameWindowExample", "ConsoleApp1\MonoMax.GameWindowExample.csproj", "{5569586C-2537-48D1-8391-B60AF575374C}"
EndProject
Project("{FAE04EC0-301F-11D3-BF4B-00C04F79EFBC}") = "MonoMax.Core", "Core\MonoMax.Core.csproj", "{59233C78-C6D5-44D8-8688-1929B0ACFE3E}"
EndProject
Global
	GlobalSection(SolutionConfigurationPlatforms) = preSolution
		Debug|Any CPU = Debug|Any CPU
		Release|Any CPU = Release|Any CPU
	EndGlobalSection
	GlobalSection(ProjectConfigurationPlatforms) = postSolution
		{C9AC2308-D29D-447A-95F1-3BA30F34E39A}.Debug|Any CPU.ActiveCfg = Debug|Any CPU
		{C9AC2308-D29D-447A-95F1-3BA30F34E39A}.Debug|Any CPU.Build.0 = Debug|Any CPU
		{C9AC2308-D29D-447A-95F1-3BA30F34E39A}.Release|Any CPU.ActiveCfg = Release|Any CPU
		{C9AC2308-D29D-447A-95F1-3BA30F34E39A}.Release|Any CPU.Build.0 = Release|Any CPU
		{29DC9174-C55F-4A88-87BC-ED489C2BA1BF}.Debug|Any CPU.ActiveCfg = Debug|Any CPU
		{29DC9174-C55F-4A88-87BC-ED489C2BA1BF}.Debug|Any CPU.Build.0 = Debug|Any CPU
		{29DC9174-C55F-4A88-87BC-ED489C2BA1BF}.Release|Any CPU.ActiveCfg = Release|Any CPU
		{29DC9174-C55F-4A88-87BC-ED489C2BA1BF}.Release|Any CPU.Build.0 = Release|Any CPU
		{5569586C-2537-48D1-8391-B60AF575374C}.Debug|Any CPU.ActiveCfg = Debug|Any CPU
		{5569586C-2537-48D1-8391-B60AF575374C}.Debug|Any CPU.Build.0 = Debug|Any CPU
		{5569586C-2537-48D1-8391-B60AF575374C}.Release|Any CPU.ActiveCfg = Release|Any CPU
		{5569586C-2537-48D1-8391-B60AF575374C}.Release|Any CPU.Build.0 = Release|Any CPU
		{59233C78-C6D5-44D8-8688-1929B0ACFE3E}.Debug|Any CPU.ActiveCfg = Debug|Any CPU
		{59233C78-C6D5-44D8-8688-1929B0ACFE3E}.Debug|Any CPU.Build.0 = Debug|Any CPU
		{59233C78-C6D5-44D8-8688-1929B0ACFE3E}.Release|Any CPU.ActiveCfg = Release|Any CPU
		{59233C78-C6D5-44D8-8688-1929B0ACFE3E}.Release|Any CPU.Build.0 = Release|Any CPU
	EndGlobalSection
	GlobalSection(SolutionProperties) = preSolution
		HideSolutionNode = FALSE
	EndGlobalSection
	GlobalSection(ExtensibilityGlobals) = postSolution
		SolutionGuid = {B581363B-9BF2-435D-B4AA-DDB720A4F878}
	EndGlobalSection
EndGlobal
